
Microsoft Visual Studio Solution File, Format Version 12.00
# Visual Studio Version 17w
VisualStudioVersion = 17.1.32319.34
MinimumVisualStudioVersion = 10.0.40219.1
Project("{FAE04EC0-301F-11D3-BF4B-00C04F79EFBC}") = "TaskManager", "TaskManager\TaskManager.csproj", "{FEF5E110-6B25-49BB-94FF-AE8687AD4D5F}"
EndProject
Global
	GlobalSection(SolutionConfigurationPlatforms) = preSolution
		Debug|Any CPU = Debug|Any CPU
		Release|Any CPU = Release|Any CPU
	EndGlobalSection
	GlobalSection(ProjectConfigurationPlatforms) = postSolution
		{FEF5E110-6B25-49BB-94FF-AE8687AD4D5F}.Debug|Any CPU.ActiveCfg = Debug|Any CPU
		{FEF5E110-6B25-49BB-94FF-AE8687AD4D5F}.Debug|Any CPU.Build.0 = Debug|Any CPU
		{FEF5E110-6B25-49BB-94FF-AE8687AD4D5F}.Release|Any CPU.ActiveCfg = Release|Any CPU
		{FEF5E110-6B25-49BB-94FF-AE8687AD4D5F}.Release|Any CPU.Build.0 = Release|Any CPU
	EndGlobalSection
	GlobalSection(SolutionProperties) = preSolution
		HideSolutionNode = FALSE
	EndGlobalSection
	GlobalSection(ExtensibilityGlobals) = postSolution
		SolutionGuid = {9AD27BF1-1B4C-416F-A3F3-AC4B1F13A3DE}
	EndGlobalSection
EndGlobal
